{
    "version": 3,
    "terraform_version": "0.11.9",
    "serial": 2,
    "lineage": "756a7ddf-b067-c7a4-60fd-05057ca4204c",
    "modules": [
        {
            "path": [
                "root"
            ],
            "outputs": {},
            "resources": {
                "google_storage_bucket.state_bucket": {
                    "type": "google_storage_bucket",
                    "depends_on": [],
                    "primary": {
                        "id": "bucket-andreyo-docker",
                        "attributes": {
                            "cors.#": "0",
                            "force_destroy": "true",
                            "id": "bucket-andreyo-docker",
                            "labels.%": "0",
                            "location": "US",
                            "name": "bucket-andreyo-docker",
                            "project": "docker-223413",
                            "self_link": "https://www.googleapis.com/storage/v1/b/bucket-andreyo-docker",
                            "storage_class": "STANDARD",
                            "url": "gs://bucket-andreyo-docker",
                            "versioning.#": "1",
                            "versioning.0.enabled": "true"
                        },
                        "meta": {},
                        "tainted": false
                    },
                    "deposed": [],
                    "provider": "provider.google"
                },
                "google_storage_bucket_acl.state_storage_bucket_acl": {
                    "type": "google_storage_bucket_acl",
                    "depends_on": [
                        "google_storage_bucket.state_bucket"
                    ],
                    "primary": {
                        "id": "bucket-andreyo-docker-acl",
                        "attributes": {
                            "bucket": "bucket-andreyo-docker",
                            "id": "bucket-andreyo-docker-acl",
                            "predefined_acl": "publicreadwrite"
                        },
                        "meta": {},
                        "tainted": false
                    },
                    "deposed": [],
                    "provider": "provider.google"
                }
            },
            "depends_on": []
        }
    ]
}
